
Microsoft Visual Studio Solution File, Format Version 12.00
# Visual Studio Version 17
VisualStudioVersion = 17.9.34728.123
MinimumVisualStudioVersion = 10.0.40219.1
Project("{9A19103F-16F7-4668-BE54-9A1E7A4F7556}") = "Domain", "Domain\Domain.csproj", "{86401684-71B6-4408-A647-33CE3762F9AA}"
EndProject
Project("{9A19103F-16F7-4668-BE54-9A1E7A4F7556}") = "Infra.Data", "Infra.Data\Infra.Data.csproj", "{05A21994-061E-4068-BD76-FEEC26E534CB}"
EndProject
Project("{9A19103F-16F7-4668-BE54-9A1E7A4F7556}") = "Infra.Cross.Cutting", "Infra.Cross.Cutting\Infra.Cross.Cutting.csproj", "{28737682-6FAD-4507-90FC-ECA9960E8271}"
EndProject
Project("{9A19103F-16F7-4668-BE54-9A1E7A4F7556}") = "TestProject", "TestProject\TestProject.csproj", "{C4CF7240-2FF9-4E3B-83E0-6857CB8D063D}"
EndProject
Project("{2150E333-8FDC-42A3-9474-1A3956D46DE8}") = "Solution Items", "Solution Items", "{221FF07F-73F7-4A04-94A1-F04FF169E650}"
	ProjectSection(SolutionItems) = preProject
		docker-compose.yml = docker-compose.yml
	EndProjectSection
EndProject
Project("{9A19103F-16F7-4668-BE54-9A1E7A4F7556}") = "Worker.Consumer", "Worker.Consumer\Worker.Consumer.csproj", "{74C3451F-CBCE-4DB6-8CEF-11C2D8C034EB}"
EndProject
Project("{9A19103F-16F7-4668-BE54-9A1E7A4F7556}") = "API.Producer", "Api.Producer\API.Producer.csproj", "{B2C76EC1-2AAE-4543-87F9-2BFEF10BE551}"
EndProject
Global
	GlobalSection(SolutionConfigurationPlatforms) = preSolution
		Debug|Any CPU = Debug|Any CPU
		Release|Any CPU = Release|Any CPU
	EndGlobalSection
	GlobalSection(ProjectConfigurationPlatforms) = postSolution
		{86401684-71B6-4408-A647-33CE3762F9AA}.Debug|Any CPU.ActiveCfg = Debug|Any CPU
		{86401684-71B6-4408-A647-33CE3762F9AA}.Debug|Any CPU.Build.0 = Debug|Any CPU
		{86401684-71B6-4408-A647-33CE3762F9AA}.Release|Any CPU.ActiveCfg = Release|Any CPU
		{86401684-71B6-4408-A647-33CE3762F9AA}.Release|Any CPU.Build.0 = Release|Any CPU
		{05A21994-061E-4068-BD76-FEEC26E534CB}.Debug|Any CPU.ActiveCfg = Debug|Any CPU
		{05A21994-061E-4068-BD76-FEEC26E534CB}.Debug|Any CPU.Build.0 = Debug|Any CPU
		{05A21994-061E-4068-BD76-FEEC26E534CB}.Release|Any CPU.ActiveCfg = Release|Any CPU
		{05A21994-061E-4068-BD76-FEEC26E534CB}.Release|Any CPU.Build.0 = Release|Any CPU
		{28737682-6FAD-4507-90FC-ECA9960E8271}.Debug|Any CPU.ActiveCfg = Debug|Any CPU
		{28737682-6FAD-4507-90FC-ECA9960E8271}.Debug|Any CPU.Build.0 = Debug|Any CPU
		{28737682-6FAD-4507-90FC-ECA9960E8271}.Release|Any CPU.ActiveCfg = Release|Any CPU
		{28737682-6FAD-4507-90FC-ECA9960E8271}.Release|Any CPU.Build.0 = Release|Any CPU
		{C4CF7240-2FF9-4E3B-83E0-6857CB8D063D}.Debug|Any CPU.ActiveCfg = Debug|Any CPU
		{C4CF7240-2FF9-4E3B-83E0-6857CB8D063D}.Debug|Any CPU.Build.0 = Debug|Any CPU
		{C4CF7240-2FF9-4E3B-83E0-6857CB8D063D}.Release|Any CPU.ActiveCfg = Release|Any CPU
		{C4CF7240-2FF9-4E3B-83E0-6857CB8D063D}.Release|Any CPU.Build.0 = Release|Any CPU
		{74C3451F-CBCE-4DB6-8CEF-11C2D8C034EB}.Debug|Any CPU.ActiveCfg = Debug|Any CPU
		{74C3451F-CBCE-4DB6-8CEF-11C2D8C034EB}.Debug|Any CPU.Build.0 = Debug|Any CPU
		{74C3451F-CBCE-4DB6-8CEF-11C2D8C034EB}.Release|Any CPU.ActiveCfg = Release|Any CPU
		{74C3451F-CBCE-4DB6-8CEF-11C2D8C034EB}.Release|Any CPU.Build.0 = Release|Any CPU
		{B2C76EC1-2AAE-4543-87F9-2BFEF10BE551}.Debug|Any CPU.ActiveCfg = Debug|Any CPU
		{B2C76EC1-2AAE-4543-87F9-2BFEF10BE551}.Debug|Any CPU.Build.0 = Debug|Any CPU
		{B2C76EC1-2AAE-4543-87F9-2BFEF10BE551}.Release|Any CPU.ActiveCfg = Release|Any CPU
		{B2C76EC1-2AAE-4543-87F9-2BFEF10BE551}.Release|Any CPU.Build.0 = Release|Any CPU
	EndGlobalSection
	GlobalSection(SolutionProperties) = preSolution
		HideSolutionNode = FALSE
	EndGlobalSection
	GlobalSection(ExtensibilityGlobals) = postSolution
		SolutionGuid = {F2425C53-07B9-41CE-B010-17E7FC4C3C15}
	EndGlobalSection
EndGlobal
